// !$*UTF8*$!
{
	archiveVersion = 1;
	classes = {
	};
	objectVersion = 56;
	objects = {

/* Begin PBXBuildFile section */
		903AA9D62AFA116F00829DC8 /* RestaurantsStorage.json in Resources */ = {isa = PBXBuildFile; fileRef = 903AA9D52AFA116F00829DC8 /* RestaurantsStorage.json */; };
		903AA9D82AFA11AE00829DC8 /* Restaurant.swift in Sources */ = {isa = PBXBuildFile; fileRef = 903AA9D72AFA11AE00829DC8 /* Restaurant.swift */; };
		903AA9DB2AFA12E700829DC8 /* Parser.swift in Sources */ = {isa = PBXBuildFile; fileRef = 903AA9DA2AFA12E700829DC8 /* Parser.swift */; };
		903AA9DF2AFA1A1A00829DC8 /* RestaurantsCell.swift in Sources */ = {isa = PBXBuildFile; fileRef = 903AA9DE2AFA1A1A00829DC8 /* RestaurantsCell.swift */; };
		903AA9E42AFA2A7500829DC8 /* RestaurantInfoController.swift in Sources */ = {isa = PBXBuildFile; fileRef = 903AA9E32AFA2A7500829DC8 /* RestaurantInfoController.swift */; };
		903AA9E72AFA59D100829DC8 /* FoodListController.swift in Sources */ = {isa = PBXBuildFile; fileRef = 903AA9E62AFA59D100829DC8 /* FoodListController.swift */; };
		904942B52AF65A0D0062D897 /* User.swift in Sources */ = {isa = PBXBuildFile; fileRef = 904942B42AF65A0D0062D897 /* User.swift */; };
		904942BA2AF66D8E0062D897 /* TabBarController.swift in Sources */ = {isa = PBXBuildFile; fileRef = 904942B92AF66D8E0062D897 /* TabBarController.swift */; };
		904942BD2AF66DF80062D897 /* HomePageController.swift in Sources */ = {isa = PBXBuildFile; fileRef = 904942BC2AF66DF80062D897 /* HomePageController.swift */; };
		905334D32AFA9AF8002B0326 /* FoodListCell.swift in Sources */ = {isa = PBXBuildFile; fileRef = 905334D22AFA9AF8002B0326 /* FoodListCell.swift */; };
		9075DC092AFFEFCB006404DE /* PaymentPageController.swift in Sources */ = {isa = PBXBuildFile; fileRef = 9075DC082AFFEFCB006404DE /* PaymentPageController.swift */; };
		90953B822B01FFCA00073397 /* confetti.json in Resources */ = {isa = PBXBuildFile; fileRef = 90953B812B01FFCA00073397 /* confetti.json */; };
		90953B842B020A1600073397 /* delivered.json in Resources */ = {isa = PBXBuildFile; fileRef = 90953B832B020A1600073397 /* delivered.json */; };
		909F8C702AF63E4900171515 /* AppDelegate.swift in Sources */ = {isa = PBXBuildFile; fileRef = 909F8C6F2AF63E4900171515 /* AppDelegate.swift */; };
		909F8C722AF63E4900171515 /* SceneDelegate.swift in Sources */ = {isa = PBXBuildFile; fileRef = 909F8C712AF63E4900171515 /* SceneDelegate.swift */; };
		909F8C772AF63E4900171515 /* Main.storyboard in Resources */ = {isa = PBXBuildFile; fileRef = 909F8C752AF63E4900171515 /* Main.storyboard */; };
		909F8C792AF63E4A00171515 /* Assets.xcassets in Resources */ = {isa = PBXBuildFile; fileRef = 909F8C782AF63E4A00171515 /* Assets.xcassets */; };
		909F8C7C2AF63E4A00171515 /* LaunchScreen.storyboard in Resources */ = {isa = PBXBuildFile; fileRef = 909F8C7A2AF63E4A00171515 /* LaunchScreen.storyboard */; };
		909F8C852AF63E7B00171515 /* LoginPageController.swift in Sources */ = {isa = PBXBuildFile; fileRef = 909F8C842AF63E7B00171515 /* LoginPageController.swift */; };
		909F8C882AF63EAA00171515 /* RegistrationPageController.swift in Sources */ = {isa = PBXBuildFile; fileRef = 909F8C872AF63EAA00171515 /* RegistrationPageController.swift */; };
		90B5646B2AFCD8DA0082D9E7 /* BasketPageController.swift in Sources */ = {isa = PBXBuildFile; fileRef = 90B5646A2AFCD8DA0082D9E7 /* BasketPageController.swift */; };
		90B5646F2AFCD91D0082D9E7 /* BasketListCell.swift in Sources */ = {isa = PBXBuildFile; fileRef = 90B5646E2AFCD91D0082D9E7 /* BasketListCell.swift */; };
		90B564722AFCF4D40082D9E7 /* Realm in Frameworks */ = {isa = PBXBuildFile; productRef = 90B564712AFCF4D40082D9E7 /* Realm */; };
		90B564742AFCF4D40082D9E7 /* RealmSwift in Frameworks */ = {isa = PBXBuildFile; productRef = 90B564732AFCF4D40082D9E7 /* RealmSwift */; };
		90B564782AFD01850082D9E7 /* Database.swift in Sources */ = {isa = PBXBuildFile; fileRef = 90B564772AFD01850082D9E7 /* Database.swift */; };
		90B5647A2AFD069F0082D9E7 /* Purchase.swift in Sources */ = {isa = PBXBuildFile; fileRef = 90B564792AFD069F0082D9E7 /* Purchase.swift */; };
		90B5647E2AFD1BCA0082D9E7 /* Meal.swift in Sources */ = {isa = PBXBuildFile; fileRef = 90B5647D2AFD1BCA0082D9E7 /* Meal.swift */; };
		90C398F32B00E6DF00A523AF /* Lottie in Frameworks */ = {isa = PBXBuildFile; productRef = 90C398F22B00E6DF00A523AF /* Lottie */; };
		90C398F62B00E71D00A523AF /* DeliveryPageController.swift in Sources */ = {isa = PBXBuildFile; fileRef = 90C398F52B00E71D00A523AF /* DeliveryPageController.swift */; };
		90C398F92B00E89700A523AF /* outOfDelivery.json in Resources */ = {isa = PBXBuildFile; fileRef = 90C398F82B00E89700A523AF /* outOfDelivery.json */; };
		90C398FB2B00E9BE00A523AF /* progressBar.json in Resources */ = {isa = PBXBuildFile; fileRef = 90C398FA2B00E9BE00A523AF /* progressBar.json */; };
/* End PBXBuildFile section */

/* Begin PBXFileReference section */
		903AA9D52AFA116F00829DC8 /* RestaurantsStorage.json */ = {isa = PBXFileReference; fileEncoding = 4; lastKnownFileType = text.json; path = RestaurantsStorage.json; sourceTree = "<group>"; };
		903AA9D72AFA11AE00829DC8 /* Restaurant.swift */ = {isa = PBXFileReference; lastKnownFileType = sourcecode.swift; path = Restaurant.swift; sourceTree = "<group>"; };
		903AA9DA2AFA12E700829DC8 /* Parser.swift */ = {isa = PBXFileReference; lastKnownFileType = sourcecode.swift; path = Parser.swift; sourceTree = "<group>"; };
		903AA9DE2AFA1A1A00829DC8 /* RestaurantsCell.swift */ = {isa = PBXFileReference; lastKnownFileType = sourcecode.swift; path = RestaurantsCell.swift; sourceTree = "<group>"; };
		903AA9E32AFA2A7500829DC8 /* RestaurantInfoController.swift */ = {isa = PBXFileReference; lastKnownFileType = sourcecode.swift; path = RestaurantInfoController.swift; sourceTree = "<group>"; };
		903AA9E62AFA59D100829DC8 /* FoodListController.swift */ = {isa = PBXFileReference; lastKnownFileType = sourcecode.swift; path = FoodListController.swift; sourceTree = "<group>"; };
		904942B42AF65A0D0062D897 /* User.swift */ = {isa = PBXFileReference; lastKnownFileType = sourcecode.swift; path = User.swift; sourceTree = "<group>"; };
		904942B92AF66D8E0062D897 /* TabBarController.swift */ = {isa = PBXFileReference; lastKnownFileType = sourcecode.swift; path = TabBarController.swift; sourceTree = "<group>"; };
		904942BC2AF66DF80062D897 /* HomePageController.swift */ = {isa = PBXFileReference; lastKnownFileType = sourcecode.swift; path = HomePageController.swift; sourceTree = "<group>"; };
		905334D22AFA9AF8002B0326 /* FoodListCell.swift */ = {isa = PBXFileReference; lastKnownFileType = sourcecode.swift; path = FoodListCell.swift; sourceTree = "<group>"; };
		9075DC082AFFEFCB006404DE /* PaymentPageController.swift */ = {isa = PBXFileReference; lastKnownFileType = sourcecode.swift; path = PaymentPageController.swift; sourceTree = "<group>"; };
		90953B812B01FFCA00073397 /* confetti.json */ = {isa = PBXFileReference; fileEncoding = 4; lastKnownFileType = text.json; path = confetti.json; sourceTree = "<group>"; };
		90953B832B020A1600073397 /* delivered.json */ = {isa = PBXFileReference; fileEncoding = 4; lastKnownFileType = text.json; path = delivered.json; sourceTree = "<group>"; };
		909F8C6C2AF63E4900171515 /* FoodOrderMobileApp.app */ = {isa = PBXFileReference; explicitFileType = wrapper.application; includeInIndex = 0; path = FoodOrderMobileApp.app; sourceTree = BUILT_PRODUCTS_DIR; };
		909F8C6F2AF63E4900171515 /* AppDelegate.swift */ = {isa = PBXFileReference; lastKnownFileType = sourcecode.swift; path = AppDelegate.swift; sourceTree = "<group>"; };
		909F8C712AF63E4900171515 /* SceneDelegate.swift */ = {isa = PBXFileReference; lastKnownFileType = sourcecode.swift; path = SceneDelegate.swift; sourceTree = "<group>"; };
		909F8C762AF63E4900171515 /* Base */ = {isa = PBXFileReference; lastKnownFileType = file.storyboard; name = Base; path = Base.lproj/Main.storyboard; sourceTree = "<group>"; };
		909F8C782AF63E4A00171515 /* Assets.xcassets */ = {isa = PBXFileReference; lastKnownFileType = folder.assetcatalog; path = Assets.xcassets; sourceTree = "<group>"; };
		909F8C7B2AF63E4A00171515 /* Base */ = {isa = PBXFileReference; lastKnownFileType = file.storyboard; name = Base; path = Base.lproj/LaunchScreen.storyboard; sourceTree = "<group>"; };
		909F8C7D2AF63E4A00171515 /* Info.plist */ = {isa = PBXFileReference; lastKnownFileType = text.plist.xml; path = Info.plist; sourceTree = "<group>"; };
		909F8C842AF63E7B00171515 /* LoginPageController.swift */ = {isa = PBXFileReference; lastKnownFileType = sourcecode.swift; path = LoginPageController.swift; sourceTree = "<group>"; };
		909F8C872AF63EAA00171515 /* RegistrationPageController.swift */ = {isa = PBXFileReference; lastKnownFileType = sourcecode.swift; path = RegistrationPageController.swift; sourceTree = "<group>"; };
		90B5646A2AFCD8DA0082D9E7 /* BasketPageController.swift */ = {isa = PBXFileReference; lastKnownFileType = sourcecode.swift; path = BasketPageController.swift; sourceTree = "<group>"; };
		90B5646E2AFCD91D0082D9E7 /* BasketListCell.swift */ = {isa = PBXFileReference; lastKnownFileType = sourcecode.swift; path = BasketListCell.swift; sourceTree = "<group>"; };
		90B564772AFD01850082D9E7 /* Database.swift */ = {isa = PBXFileReference; lastKnownFileType = sourcecode.swift; path = Database.swift; sourceTree = "<group>"; };
		90B564792AFD069F0082D9E7 /* Purchase.swift */ = {isa = PBXFileReference; lastKnownFileType = sourcecode.swift; path = Purchase.swift; sourceTree = "<group>"; };
		90B5647D2AFD1BCA0082D9E7 /* Meal.swift */ = {isa = PBXFileReference; lastKnownFileType = sourcecode.swift; path = Meal.swift; sourceTree = "<group>"; };
		90C398F52B00E71D00A523AF /* DeliveryPageController.swift */ = {isa = PBXFileReference; lastKnownFileType = sourcecode.swift; path = DeliveryPageController.swift; sourceTree = "<group>"; };
		90C398F82B00E89700A523AF /* outOfDelivery.json */ = {isa = PBXFileReference; fileEncoding = 4; lastKnownFileType = text.json; path = outOfDelivery.json; sourceTree = "<group>"; };
		90C398FA2B00E9BE00A523AF /* progressBar.json */ = {isa = PBXFileReference; fileEncoding = 4; lastKnownFileType = text.json; path = progressBar.json; sourceTree = "<group>"; };
/* End PBXFileReference section */

/* Begin PBXFrameworksBuildPhase section */
		909F8C692AF63E4900171515 /* Frameworks */ = {
			isa = PBXFrameworksBuildPhase;
			buildActionMask = 2147483647;
			files = (
				90B564742AFCF4D40082D9E7 /* RealmSwift in Frameworks */,
				90B564722AFCF4D40082D9E7 /* Realm in Frameworks */,
				90C398F32B00E6DF00A523AF /* Lottie in Frameworks */,
			);
			runOnlyForDeploymentPostprocessing = 0;
		};
/* End PBXFrameworksBuildPhase section */

/* Begin PBXGroup section */
		903AA9D92AFA12DE00829DC8 /* Parser */ = {
			isa = PBXGroup;
			children = (
				903AA9DA2AFA12E700829DC8 /* Parser.swift */,
			);
			path = Parser;
			sourceTree = "<group>";
		};
		903AA9E02AFA293400829DC8 /* Restaurant Info Page */ = {
			isa = PBXGroup;
			children = (
				903AA9E32AFA2A7500829DC8 /* RestaurantInfoController.swift */,
			);
			path = "Restaurant Info Page";
			sourceTree = "<group>";
		};
		903AA9E52AFA59AA00829DC8 /* Food List Page */ = {
			isa = PBXGroup;
			children = (
				903AA9E62AFA59D100829DC8 /* FoodListController.swift */,
				905334D22AFA9AF8002B0326 /* FoodListCell.swift */,
			);
			path = "Food List Page";
			sourceTree = "<group>";
		};
		904942B82AF66D720062D897 /* Tab Bar Controller */ = {
			isa = PBXGroup;
			children = (
				904942B92AF66D8E0062D897 /* TabBarController.swift */,
			);
			path = "Tab Bar Controller";
			sourceTree = "<group>";
		};
		904942BB2AF66DE00062D897 /* Home Page */ = {
			isa = PBXGroup;
			children = (
				90B564682AFCD88B0082D9E7 /* Restaurants */,
				903AA9E02AFA293400829DC8 /* Restaurant Info Page */,
				903AA9E52AFA59AA00829DC8 /* Food List Page */,
				90B564692AFCD8C00082D9E7 /* Basket Page */,
			);
			path = "Home Page";
			sourceTree = "<group>";
		};
		904942BE2AF673800062D897 /* Data Manager */ = {
			isa = PBXGroup;
			children = (
				904942B42AF65A0D0062D897 /* User.swift */,
				903AA9D72AFA11AE00829DC8 /* Restaurant.swift */,
				90B5647D2AFD1BCA0082D9E7 /* Meal.swift */,
				90B564792AFD069F0082D9E7 /* Purchase.swift */,
				90B564772AFD01850082D9E7 /* Database.swift */,
			);
			path = "Data Manager";
			sourceTree = "<group>";
		};
		9075DC052AFFEF3D006404DE /* Payment Page */ = {
			isa = PBXGroup;
			children = (
				9075DC082AFFEFCB006404DE /* PaymentPageController.swift */,
			);
			path = "Payment Page";
			sourceTree = "<group>";
		};
		909F8C632AF63E4900171515 = {
			isa = PBXGroup;
			children = (
				909F8C6E2AF63E4900171515 /* FoodOrderMobileApp */,
				909F8C6D2AF63E4900171515 /* Products */,
			);
			sourceTree = "<group>";
		};
		909F8C6D2AF63E4900171515 /* Products */ = {
			isa = PBXGroup;
			children = (
				909F8C6C2AF63E4900171515 /* FoodOrderMobileApp.app */,
			);
			name = Products;
			sourceTree = "<group>";
		};
		909F8C6E2AF63E4900171515 /* FoodOrderMobileApp */ = {
			isa = PBXGroup;
			children = (
				909F8C832AF63E5F00171515 /* Login Page */,
				909F8C862AF63E9000171515 /* Registration Page */,
				904942BB2AF66DE00062D897 /* Home Page */,
				9075DC052AFFEF3D006404DE /* Payment Page */,
				90C398F42B00E6F200A523AF /* Delivery Page */,
				904942BE2AF673800062D897 /* Data Manager */,
				90B564662AFCD6CA0082D9E7 /* JSON */,
				903AA9D92AFA12DE00829DC8 /* Parser */,
				90C398F72B00E88100A523AF /* Animations */,
				904942B82AF66D720062D897 /* Tab Bar Controller */,
				909F8C7D2AF63E4A00171515 /* Info.plist */,
				909F8C7A2AF63E4A00171515 /* LaunchScreen.storyboard */,
				909F8C6F2AF63E4900171515 /* AppDelegate.swift */,
				909F8C712AF63E4900171515 /* SceneDelegate.swift */,
				909F8C752AF63E4900171515 /* Main.storyboard */,
				909F8C782AF63E4A00171515 /* Assets.xcassets */,
			);
			path = FoodOrderMobileApp;
			sourceTree = "<group>";
		};
		909F8C832AF63E5F00171515 /* Login Page */ = {
			isa = PBXGroup;
			children = (
				909F8C842AF63E7B00171515 /* LoginPageController.swift */,
			);
			path = "Login Page";
			sourceTree = "<group>";
		};
		909F8C862AF63E9000171515 /* Registration Page */ = {
			isa = PBXGroup;
			children = (
				909F8C872AF63EAA00171515 /* RegistrationPageController.swift */,
			);
			path = "Registration Page";
			sourceTree = "<group>";
		};
		90B564662AFCD6CA0082D9E7 /* JSON */ = {
			isa = PBXGroup;
			children = (
				903AA9D52AFA116F00829DC8 /* RestaurantsStorage.json */,
			);
			path = JSON;
			sourceTree = "<group>";
		};
		90B564682AFCD88B0082D9E7 /* Restaurants */ = {
			isa = PBXGroup;
			children = (
				903AA9DE2AFA1A1A00829DC8 /* RestaurantsCell.swift */,
				904942BC2AF66DF80062D897 /* HomePageController.swift */,
			);
			path = Restaurants;
			sourceTree = "<group>";
		};
		90B564692AFCD8C00082D9E7 /* Basket Page */ = {
			isa = PBXGroup;
			children = (
				90B5646A2AFCD8DA0082D9E7 /* BasketPageController.swift */,
				90B5646E2AFCD91D0082D9E7 /* BasketListCell.swift */,
			);
			path = "Basket Page";
			sourceTree = "<group>";
		};
		90C398F42B00E6F200A523AF /* Delivery Page */ = {
			isa = PBXGroup;
			children = (
				90C398F52B00E71D00A523AF /* DeliveryPageController.swift */,
			);
			path = "Delivery Page";
			sourceTree = "<group>";
		};
		90C398F72B00E88100A523AF /* Animations */ = {
			isa = PBXGroup;
			children = (
				90953B812B01FFCA00073397 /* confetti.json */,
				90C398FA2B00E9BE00A523AF /* progressBar.json */,
				90953B832B020A1600073397 /* delivered.json */,
				90C398F82B00E89700A523AF /* outOfDelivery.json */,
			);
			path = Animations;
			sourceTree = "<group>";
		};
/* End PBXGroup section */

/* Begin PBXNativeTarget section */
		909F8C6B2AF63E4900171515 /* FoodOrderMobileApp */ = {
			isa = PBXNativeTarget;
			buildConfigurationList = 909F8C802AF63E4A00171515 /* Build configuration list for PBXNativeTarget "FoodOrderMobileApp" */;
			buildPhases = (
				909F8C682AF63E4900171515 /* Sources */,
				909F8C692AF63E4900171515 /* Frameworks */,
				909F8C6A2AF63E4900171515 /* Resources */,
			);
			buildRules = (
			);
			dependencies = (
			);
			name = FoodOrderMobileApp;
			packageProductDependencies = (
				90B564712AFCF4D40082D9E7 /* Realm */,
				90B564732AFCF4D40082D9E7 /* RealmSwift */,
				90C398F22B00E6DF00A523AF /* Lottie */,
			);
			productName = FoodOrderMobileApp;
			productReference = 909F8C6C2AF63E4900171515 /* FoodOrderMobileApp.app */;
			productType = "com.apple.product-type.application";
		};
/* End PBXNativeTarget section */

/* Begin PBXProject section */
		909F8C642AF63E4900171515 /* Project object */ = {
			isa = PBXProject;
			attributes = {
				BuildIndependentTargetsInParallel = 1;
				LastSwiftUpdateCheck = 1500;
				LastUpgradeCheck = 1500;
				TargetAttributes = {
					909F8C6B2AF63E4900171515 = {
						CreatedOnToolsVersion = 15.0.1;
					};
				};
			};
			buildConfigurationList = 909F8C672AF63E4900171515 /* Build configuration list for PBXProject "FoodOrderMobileApp" */;
			compatibilityVersion = "Xcode 14.0";
			developmentRegion = en;
			hasScannedForEncodings = 0;
			knownRegions = (
				en,
				Base,
			);
			mainGroup = 909F8C632AF63E4900171515;
			packageReferences = (
				90B564702AFCF4D40082D9E7 /* XCRemoteSwiftPackageReference "realm-swift" */,
				90C398F12B00E6DF00A523AF /* XCRemoteSwiftPackageReference "lottie-ios" */,
			);
			productRefGroup = 909F8C6D2AF63E4900171515 /* Products */;
			projectDirPath = "";
			projectRoot = "";
			targets = (
				909F8C6B2AF63E4900171515 /* FoodOrderMobileApp */,
			);
		};
/* End PBXProject section */

/* Begin PBXResourcesBuildPhase section */
		909F8C6A2AF63E4900171515 /* Resources */ = {
			isa = PBXResourcesBuildPhase;
			buildActionMask = 2147483647;
			files = (
				90C398FB2B00E9BE00A523AF /* progressBar.json in Resources */,
				909F8C7C2AF63E4A00171515 /* LaunchScreen.storyboard in Resources */,
				90953B842B020A1600073397 /* delivered.json in Resources */,
				909F8C792AF63E4A00171515 /* Assets.xcassets in Resources */,
				90953B822B01FFCA00073397 /* confetti.json in Resources */,
				90C398F92B00E89700A523AF /* outOfDelivery.json in Resources */,
				909F8C772AF63E4900171515 /* Main.storyboard in Resources */,
				903AA9D62AFA116F00829DC8 /* RestaurantsStorage.json in Resources */,
			);
			runOnlyForDeploymentPostprocessing = 0;
		};
/* End PBXResourcesBuildPhase section */

/* Begin PBXSourcesBuildPhase section */
		909F8C682AF63E4900171515 /* Sources */ = {
			isa = PBXSourcesBuildPhase;
			buildActionMask = 2147483647;
			files = (
				903AA9DF2AFA1A1A00829DC8 /* RestaurantsCell.swift in Sources */,
				903AA9E42AFA2A7500829DC8 /* RestaurantInfoController.swift in Sources */,
				9075DC092AFFEFCB006404DE /* PaymentPageController.swift in Sources */,
				90B5646B2AFCD8DA0082D9E7 /* BasketPageController.swift in Sources */,
				909F8C852AF63E7B00171515 /* LoginPageController.swift in Sources */,
				90B5646F2AFCD91D0082D9E7 /* BasketListCell.swift in Sources */,
				90B5647A2AFD069F0082D9E7 /* Purchase.swift in Sources */,
				903AA9E72AFA59D100829DC8 /* FoodListController.swift in Sources */,
				90C398F62B00E71D00A523AF /* DeliveryPageController.swift in Sources */,
				903AA9DB2AFA12E700829DC8 /* Parser.swift in Sources */,
				90B5647E2AFD1BCA0082D9E7 /* Meal.swift in Sources */,
				904942BD2AF66DF80062D897 /* HomePageController.swift in Sources */,
				909F8C702AF63E4900171515 /* AppDelegate.swift in Sources */,
				909F8C882AF63EAA00171515 /* RegistrationPageController.swift in Sources */,
				905334D32AFA9AF8002B0326 /* FoodListCell.swift in Sources */,
				904942BA2AF66D8E0062D897 /* TabBarController.swift in Sources */,
				90B564782AFD01850082D9E7 /* Database.swift in Sources */,
				904942B52AF65A0D0062D897 /* User.swift in Sources */,
				909F8C722AF63E4900171515 /* SceneDelegate.swift in Sources */,
				903AA9D82AFA11AE00829DC8 /* Restaurant.swift in Sources */,
			);
			runOnlyForDeploymentPostprocessing = 0;
		};
/* End PBXSourcesBuildPhase section */

/* Begin PBXVariantGroup section */
		909F8C752AF63E4900171515 /* Main.storyboard */ = {
			isa = PBXVariantGroup;
			children = (
				909F8C762AF63E4900171515 /* Base */,
			);
			name = Main.storyboard;
			sourceTree = "<group>";
		};
		909F8C7A2AF63E4A00171515 /* LaunchScreen.storyboard */ = {
			isa = PBXVariantGroup;
			children = (
				909F8C7B2AF63E4A00171515 /* Base */,
			);
			name = LaunchScreen.storyboard;
			sourceTree = "<group>";
		};
/* End PBXVariantGroup section */

/* Begin XCBuildConfiguration section */
		909F8C7E2AF63E4A00171515 /* Debug */ = {
			isa = XCBuildConfiguration;
			buildSettings = {
				ALWAYS_SEARCH_USER_PATHS = NO;
				ASSETCATALOG_COMPILER_GENERATE_SWIFT_ASSET_SYMBOL_EXTENSIONS = YES;
				CLANG_ANALYZER_NONNULL = YES;
				CLANG_ANALYZER_NUMBER_OBJECT_CONVERSION = YES_AGGRESSIVE;
				CLANG_CXX_LANGUAGE_STANDARD = "gnu++20";
				CLANG_ENABLE_MODULES = YES;
				CLANG_ENABLE_OBJC_ARC = YES;
				CLANG_ENABLE_OBJC_WEAK = YES;
				CLANG_WARN_BLOCK_CAPTURE_AUTORELEASING = YES;
				CLANG_WARN_BOOL_CONVERSION = YES;
				CLANG_WARN_COMMA = YES;
				CLANG_WARN_CONSTANT_CONVERSION = YES;
				CLANG_WARN_DEPRECATED_OBJC_IMPLEMENTATIONS = YES;
				CLANG_WARN_DIRECT_OBJC_ISA_USAGE = YES_ERROR;
				CLANG_WARN_DOCUMENTATION_COMMENTS = YES;
				CLANG_WARN_EMPTY_BODY = YES;
				CLANG_WARN_ENUM_CONVERSION = YES;
				CLANG_WARN_INFINITE_RECURSION = YES;
				CLANG_WARN_INT_CONVERSION = YES;
				CLANG_WARN_NON_LITERAL_NULL_CONVERSION = YES;
				CLANG_WARN_OBJC_IMPLICIT_RETAIN_SELF = YES;
				CLANG_WARN_OBJC_LITERAL_CONVERSION = YES;
				CLANG_WARN_OBJC_ROOT_CLASS = YES_ERROR;
				CLANG_WARN_QUOTED_INCLUDE_IN_FRAMEWORK_HEADER = YES;
				CLANG_WARN_RANGE_LOOP_ANALYSIS = YES;
				CLANG_WARN_STRICT_PROTOTYPES = YES;
				CLANG_WARN_SUSPICIOUS_MOVE = YES;
				CLANG_WARN_UNGUARDED_AVAILABILITY = YES_AGGRESSIVE;
				CLANG_WARN_UNREACHABLE_CODE = YES;
				CLANG_WARN__DUPLICATE_METHOD_MATCH = YES;
				COPY_PHASE_STRIP = NO;
				DEBUG_INFORMATION_FORMAT = dwarf;
				ENABLE_STRICT_OBJC_MSGSEND = YES;
				ENABLE_TESTABILITY = YES;
				ENABLE_USER_SCRIPT_SANDBOXING = YES;
				GCC_C_LANGUAGE_STANDARD = gnu17;
				GCC_DYNAMIC_NO_PIC = NO;
				GCC_NO_COMMON_BLOCKS = YES;
				GCC_OPTIMIZATION_LEVEL = 0;
				GCC_PREPROCESSOR_DEFINITIONS = (
					"DEBUG=1",
					"$(inherited)",
				);
				GCC_WARN_64_TO_32_BIT_CONVERSION = YES;
				GCC_WARN_ABOUT_RETURN_TYPE = YES_ERROR;
				GCC_WARN_UNDECLARED_SELECTOR = YES;
				GCC_WARN_UNINITIALIZED_AUTOS = YES_AGGRESSIVE;
				GCC_WARN_UNUSED_FUNCTION = YES;
				GCC_WARN_UNUSED_VARIABLE = YES;
				IPHONEOS_DEPLOYMENT_TARGET = 17.0;
				LOCALIZATION_PREFERS_STRING_CATALOGS = YES;
				MTL_ENABLE_DEBUG_INFO = INCLUDE_SOURCE;
				MTL_FAST_MATH = YES;
				ONLY_ACTIVE_ARCH = YES;
				SDKROOT = iphoneos;
				SWIFT_ACTIVE_COMPILATION_CONDITIONS = "DEBUG $(inherited)";
				SWIFT_OPTIMIZATION_LEVEL = "-Onone";
			};
			name = Debug;
		};
		909F8C7F2AF63E4A00171515 /* Release */ = {
			isa = XCBuildConfiguration;
			buildSettings = {
				ALWAYS_SEARCH_USER_PATHS = NO;
				ASSETCATALOG_COMPILER_GENERATE_SWIFT_ASSET_SYMBOL_EXTENSIONS = YES;
				CLANG_ANALYZER_NONNULL = YES;
				CLANG_ANALYZER_NUMBER_OBJECT_CONVERSION = YES_AGGRESSIVE;
				CLANG_CXX_LANGUAGE_STANDARD = "gnu++20";
				CLANG_ENABLE_MODULES = YES;
				CLANG_ENABLE_OBJC_ARC = YES;
				CLANG_ENABLE_OBJC_WEAK = YES;
				CLANG_WARN_BLOCK_CAPTURE_AUTORELEASING = YES;
				CLANG_WARN_BOOL_CONVERSION = YES;
				CLANG_WARN_COMMA = YES;
				CLANG_WARN_CONSTANT_CONVERSION = YES;
				CLANG_WARN_DEPRECATED_OBJC_IMPLEMENTATIONS = YES;
				CLANG_WARN_DIRECT_OBJC_ISA_USAGE = YES_ERROR;
				CLANG_WARN_DOCUMENTATION_COMMENTS = YES;
				CLANG_WARN_EMPTY_BODY = YES;
				CLANG_WARN_ENUM_CONVERSION = YES;
				CLANG_WARN_INFINITE_RECURSION = YES;
				CLANG_WARN_INT_CONVERSION = YES;
				CLANG_WARN_NON_LITERAL_NULL_CONVERSION = YES;
				CLANG_WARN_OBJC_IMPLICIT_RETAIN_SELF = YES;
				CLANG_WARN_OBJC_LITERAL_CONVERSION = YES;
				CLANG_WARN_OBJC_ROOT_CLASS = YES_ERROR;
				CLANG_WARN_QUOTED_INCLUDE_IN_FRAMEWORK_HEADER = YES;
				CLANG_WARN_RANGE_LOOP_ANALYSIS = YES;
				CLANG_WARN_STRICT_PROTOTYPES = YES;
				CLANG_WARN_SUSPICIOUS_MOVE = YES;
				CLANG_WARN_UNGUARDED_AVAILABILITY = YES_AGGRESSIVE;
				CLANG_WARN_UNREACHABLE_CODE = YES;
				CLANG_WARN__DUPLICATE_METHOD_MATCH = YES;
				COPY_PHASE_STRIP = NO;
				DEBUG_INFORMATION_FORMAT = "dwarf-with-dsym";
				ENABLE_NS_ASSERTIONS = NO;
				ENABLE_STRICT_OBJC_MSGSEND = YES;
				ENABLE_USER_SCRIPT_SANDBOXING = YES;
				GCC_C_LANGUAGE_STANDARD = gnu17;
				GCC_NO_COMMON_BLOCKS = YES;
				GCC_WARN_64_TO_32_BIT_CONVERSION = YES;
				GCC_WARN_ABOUT_RETURN_TYPE = YES_ERROR;
				GCC_WARN_UNDECLARED_SELECTOR = YES;
				GCC_WARN_UNINITIALIZED_AUTOS = YES_AGGRESSIVE;
				GCC_WARN_UNUSED_FUNCTION = YES;
				GCC_WARN_UNUSED_VARIABLE = YES;
				IPHONEOS_DEPLOYMENT_TARGET = 17.0;
				LOCALIZATION_PREFERS_STRING_CATALOGS = YES;
				MTL_ENABLE_DEBUG_INFO = NO;
				MTL_FAST_MATH = YES;
				SDKROOT = iphoneos;
				SWIFT_COMPILATION_MODE = wholemodule;
				VALIDATE_PRODUCT = YES;
			};
			name = Release;
		};
		909F8C812AF63E4A00171515 /* Debug */ = {
			isa = XCBuildConfiguration;
			buildSettings = {
				ASSETCATALOG_COMPILER_APPICON_NAME = AppIcon;
				ASSETCATALOG_COMPILER_GLOBAL_ACCENT_COLOR_NAME = AccentColor;
				CODE_SIGN_STYLE = Automatic;
				CURRENT_PROJECT_VERSION = 1;
				DEVELOPMENT_TEAM = AN4FXSTRK3;
				GENERATE_INFOPLIST_FILE = YES;
				INFOPLIST_FILE = FoodOrderMobileApp/Info.plist;
				INFOPLIST_KEY_UIApplicationSupportsIndirectInputEvents = YES;
				INFOPLIST_KEY_UILaunchStoryboardName = LaunchScreen;
				INFOPLIST_KEY_UIMainStoryboardFile = Main;
				INFOPLIST_KEY_UISupportedInterfaceOrientations = UIInterfaceOrientationPortrait;
				LD_RUNPATH_SEARCH_PATHS = (
					"$(inherited)",
					"@executable_path/Frameworks",
				);
				MARKETING_VERSION = 1.0;
				PRODUCT_BUNDLE_IDENTIFIER = None.FoodOrderMobileApp;
				PRODUCT_NAME = "$(TARGET_NAME)";
				SWIFT_EMIT_LOC_STRINGS = YES;
				SWIFT_VERSION = 5.0;
				TARGETED_DEVICE_FAMILY = "1,2";
			};
			name = Debug;
		};
		909F8C822AF63E4A00171515 /* Release */ = {
			isa = XCBuildConfiguration;
			buildSettings = {
				ASSETCATALOG_COMPILER_APPICON_NAME = AppIcon;
				ASSETCATALOG_COMPILER_GLOBAL_ACCENT_COLOR_NAME = AccentColor;
				CODE_SIGN_STYLE = Automatic;
				CURRENT_PROJECT_VERSION = 1;
				DEVELOPMENT_TEAM = AN4FXSTRK3;
				GENERATE_INFOPLIST_FILE = YES;
				INFOPLIST_FILE = FoodOrderMobileApp/Info.plist;
				INFOPLIST_KEY_UIApplicationSupportsIndirectInputEvents = YES;
				INFOPLIST_KEY_UILaunchStoryboardName = LaunchScreen;
				INFOPLIST_KEY_UIMainStoryboardFile = Main;
				INFOPLIST_KEY_UISupportedInterfaceOrientations = UIInterfaceOrientationPortrait;
				LD_RUNPATH_SEARCH_PATHS = (
					"$(inherited)",
					"@executable_path/Frameworks",
				);
				MARKETING_VERSION = 1.0;
				PRODUCT_BUNDLE_IDENTIFIER = None.FoodOrderMobileApp;
				PRODUCT_NAME = "$(TARGET_NAME)";
				SWIFT_EMIT_LOC_STRINGS = YES;
				SWIFT_VERSION = 5.0;
				TARGETED_DEVICE_FAMILY = "1,2";
			};
			name = Release;
		};
/* End XCBuildConfiguration section */

/* Begin XCConfigurationList section */
		909F8C672AF63E4900171515 /* Build configuration list for PBXProject "FoodOrderMobileApp" */ = {
			isa = XCConfigurationList;
			buildConfigurations = (
				909F8C7E2AF63E4A00171515 /* Debug */,
				909F8C7F2AF63E4A00171515 /* Release */,
			);
			defaultConfigurationIsVisible = 0;
			defaultConfigurationName = Release;
		};
		909F8C802AF63E4A00171515 /* Build configuration list for PBXNativeTarget "FoodOrderMobileApp" */ = {
			isa = XCConfigurationList;
			buildConfigurations = (
				909F8C812AF63E4A00171515 /* Debug */,
				909F8C822AF63E4A00171515 /* Release */,
			);
			defaultConfigurationIsVisible = 0;
			defaultConfigurationName = Release;
		};
/* End XCConfigurationList section */

/* Begin XCRemoteSwiftPackageReference section */
		90B564702AFCF4D40082D9E7 /* XCRemoteSwiftPackageReference "realm-swift" */ = {
			isa = XCRemoteSwiftPackageReference;
			repositoryURL = "https://github.com/realm/realm-swift.git";
			requirement = {
				branch = master;
				kind = branch;
			};
		};
		90C398F12B00E6DF00A523AF /* XCRemoteSwiftPackageReference "lottie-ios" */ = {
			isa = XCRemoteSwiftPackageReference;
			repositoryURL = "https://github.com/airbnb/lottie-ios.git";
			requirement = {
				kind = upToNextMajorVersion;
				minimumVersion = 4.3.3;
			};
		};
/* End XCRemoteSwiftPackageReference section */

/* Begin XCSwiftPackageProductDependency section */
		90B564712AFCF4D40082D9E7 /* Realm */ = {
			isa = XCSwiftPackageProductDependency;
			package = 90B564702AFCF4D40082D9E7 /* XCRemoteSwiftPackageReference "realm-swift" */;
			productName = Realm;
		};
		90B564732AFCF4D40082D9E7 /* RealmSwift */ = {
			isa = XCSwiftPackageProductDependency;
			package = 90B564702AFCF4D40082D9E7 /* XCRemoteSwiftPackageReference "realm-swift" */;
			productName = RealmSwift;
		};
		90C398F22B00E6DF00A523AF /* Lottie */ = {
			isa = XCSwiftPackageProductDependency;
			package = 90C398F12B00E6DF00A523AF /* XCRemoteSwiftPackageReference "lottie-ios" */;
			productName = Lottie;
		};
/* End XCSwiftPackageProductDependency section */
	};
	rootObject = 909F8C642AF63E4900171515 /* Project object */;
}
